
Microsoft Visual Studio Solution File, Format Version 12.00
# Visual Studio Version 17
VisualStudioVersion = 17.10.35013.160
MinimumVisualStudioVersion = 10.0.40219.1
Project("{FAE04EC0-301F-11D3-BF4B-00C04F79EFBC}") = "ASPCoreViewImports", "ASPCoreViewImports\ASPCoreViewImports.csproj", "{60D37BF1-AB9C-43E6-B661-21B90D30E8BF}"
EndProject
Global
	GlobalSection(SolutionConfigurationPlatforms) = preSolution
		Debug|Any CPU = Debug|Any CPU
		Release|Any CPU = Release|Any CPU
	EndGlobalSection
	GlobalSection(ProjectConfigurationPlatforms) = postSolution
		{60D37BF1-AB9C-43E6-B661-21B90D30E8BF}.Debug|Any CPU.ActiveCfg = Debug|Any CPU
		{60D37BF1-AB9C-43E6-B661-21B90D30E8BF}.Debug|Any CPU.Build.0 = Debug|Any CPU
		{60D37BF1-AB9C-43E6-B661-21B90D30E8BF}.Release|Any CPU.ActiveCfg = Release|Any CPU
		{60D37BF1-AB9C-43E6-B661-21B90D30E8BF}.Release|Any CPU.Build.0 = Release|Any CPU
	EndGlobalSection
	GlobalSection(SolutionProperties) = preSolution
		HideSolutionNode = FALSE
	EndGlobalSection
	GlobalSection(ExtensibilityGlobals) = postSolution
		SolutionGuid = {47C3222A-1C6E-427A-8740-4AEFBE9CCE28}
	EndGlobalSection
EndGlobal
