
Microsoft Visual Studio Solution File, Format Version 12.00
# Visual Studio Version 17
VisualStudioVersion = 17.11.35312.102
MinimumVisualStudioVersion = 10.0.40219.1
Project("{FAE04EC0-301F-11D3-BF4B-00C04F79EFBC}") = "CRUDAppUsingASPCoreWebAPI", "CRUDAppUsingASPCoreWebAPI\CRUDAppUsingASPCoreWebAPI.csproj", "{27EC20DC-8AD8-4060-8D2B-9F4701108624}"
EndProject
Global
	GlobalSection(SolutionConfigurationPlatforms) = preSolution
		Debug|Any CPU = Debug|Any CPU
		Release|Any CPU = Release|Any CPU
	EndGlobalSection
	GlobalSection(ProjectConfigurationPlatforms) = postSolution
		{27EC20DC-8AD8-4060-8D2B-9F4701108624}.Debug|Any CPU.ActiveCfg = Debug|Any CPU
		{27EC20DC-8AD8-4060-8D2B-9F4701108624}.Debug|Any CPU.Build.0 = Debug|Any CPU
		{27EC20DC-8AD8-4060-8D2B-9F4701108624}.Release|Any CPU.ActiveCfg = Release|Any CPU
		{27EC20DC-8AD8-4060-8D2B-9F4701108624}.Release|Any CPU.Build.0 = Release|Any CPU
	EndGlobalSection
	GlobalSection(SolutionProperties) = preSolution
		HideSolutionNode = FALSE
	EndGlobalSection
	GlobalSection(ExtensibilityGlobals) = postSolution
		SolutionGuid = {49FD2287-7D93-4C74-AE35-521B50E7D386}
	EndGlobalSection
EndGlobal
