
Microsoft Visual Studio Solution File, Format Version 12.00
# Visual Studio Version 17
VisualStudioVersion = 17.11.35312.102
MinimumVisualStudioVersion = 10.0.40219.1
Project("{FAE04EC0-301F-11D3-BF4B-00C04F79EFBC}") = "PartialViewASPCore", "PartialViewASPCore\PartialViewASPCore.csproj", "{A9AA4FD1-78A3-446A-8C17-2D5416D408DF}"
EndProject
Global
	GlobalSection(SolutionConfigurationPlatforms) = preSolution
		Debug|Any CPU = Debug|Any CPU
		Release|Any CPU = Release|Any CPU
	EndGlobalSection
	GlobalSection(ProjectConfigurationPlatforms) = postSolution
		{A9AA4FD1-78A3-446A-8C17-2D5416D408DF}.Debug|Any CPU.ActiveCfg = Debug|Any CPU
		{A9AA4FD1-78A3-446A-8C17-2D5416D408DF}.Debug|Any CPU.Build.0 = Debug|Any CPU
		{A9AA4FD1-78A3-446A-8C17-2D5416D408DF}.Release|Any CPU.ActiveCfg = Release|Any CPU
		{A9AA4FD1-78A3-446A-8C17-2D5416D408DF}.Release|Any CPU.Build.0 = Release|Any CPU
	EndGlobalSection
	GlobalSection(SolutionProperties) = preSolution
		HideSolutionNode = FALSE
	EndGlobalSection
	GlobalSection(ExtensibilityGlobals) = postSolution
		SolutionGuid = {A790AE7A-F739-40E9-BA51-2C6384872DA4}
	EndGlobalSection
EndGlobal
