
Microsoft Visual Studio Solution File, Format Version 12.00
# Visual Studio Version 17
VisualStudioVersion = 17.11.35312.102
MinimumVisualStudioVersion = 10.0.40219.1
Project("{FAE04EC0-301F-11D3-BF4B-00C04F79EFBC}") = "CheckBoxesASPCore8", "CheckBoxesASPCore8\CheckBoxesASPCore8.csproj", "{6FEC1185-C629-4079-82B1-2845AA8F7CE7}"
EndProject
Global
	GlobalSection(SolutionConfigurationPlatforms) = preSolution
		Debug|Any CPU = Debug|Any CPU
		Release|Any CPU = Release|Any CPU
	EndGlobalSection
	GlobalSection(ProjectConfigurationPlatforms) = postSolution
		{6FEC1185-C629-4079-82B1-2845AA8F7CE7}.Debug|Any CPU.ActiveCfg = Debug|Any CPU
		{6FEC1185-C629-4079-82B1-2845AA8F7CE7}.Debug|Any CPU.Build.0 = Debug|Any CPU
		{6FEC1185-C629-4079-82B1-2845AA8F7CE7}.Release|Any CPU.ActiveCfg = Release|Any CPU
		{6FEC1185-C629-4079-82B1-2845AA8F7CE7}.Release|Any CPU.Build.0 = Release|Any CPU
	EndGlobalSection
	GlobalSection(SolutionProperties) = preSolution
		HideSolutionNode = FALSE
	EndGlobalSection
	GlobalSection(ExtensibilityGlobals) = postSolution
		SolutionGuid = {03C98F9D-6F90-4A81-9C1A-902BC5C8F7BC}
	EndGlobalSection
EndGlobal
