
Microsoft Visual Studio Solution File, Format Version 12.00
# Visual Studio Version 17
VisualStudioVersion = 17.11.35312.102
MinimumVisualStudioVersion = 10.0.40219.1
Project("{FAE04EC0-301F-11D3-BF4B-00C04F79EFBC}") = "ASPCoreWebAPI", "ASPCoreWebAPI\ASPCoreWebAPI.csproj", "{69800CF2-62D6-4391-B89F-175733318FAD}"
EndProject
Global
	GlobalSection(SolutionConfigurationPlatforms) = preSolution
		Debug|Any CPU = Debug|Any CPU
		Release|Any CPU = Release|Any CPU
	EndGlobalSection
	GlobalSection(ProjectConfigurationPlatforms) = postSolution
		{69800CF2-62D6-4391-B89F-175733318FAD}.Debug|Any CPU.ActiveCfg = Debug|Any CPU
		{69800CF2-62D6-4391-B89F-175733318FAD}.Debug|Any CPU.Build.0 = Debug|Any CPU
		{69800CF2-62D6-4391-B89F-175733318FAD}.Release|Any CPU.ActiveCfg = Release|Any CPU
		{69800CF2-62D6-4391-B89F-175733318FAD}.Release|Any CPU.Build.0 = Release|Any CPU
	EndGlobalSection
	GlobalSection(SolutionProperties) = preSolution
		HideSolutionNode = FALSE
	EndGlobalSection
	GlobalSection(ExtensibilityGlobals) = postSolution
		SolutionGuid = {803ACC0D-6F06-4636-A56E-7D403DD02412}
	EndGlobalSection
EndGlobal
