
Microsoft Visual Studio Solution File, Format Version 12.00
# Visual Studio Version 17
VisualStudioVersion = 17.10.35013.160
MinimumVisualStudioVersion = 10.0.40219.1
Project("{FAE04EC0-301F-11D3-BF4B-00C04F79EFBC}") = "ModelData", "ModelData\ModelData.csproj", "{CCAAE5CD-3E1A-49AD-8FB3-D55DA47178E9}"
EndProject
Global
	GlobalSection(SolutionConfigurationPlatforms) = preSolution
		Debug|Any CPU = Debug|Any CPU
		Release|Any CPU = Release|Any CPU
	EndGlobalSection
	GlobalSection(ProjectConfigurationPlatforms) = postSolution
		{CCAAE5CD-3E1A-49AD-8FB3-D55DA47178E9}.Debug|Any CPU.ActiveCfg = Debug|Any CPU
		{CCAAE5CD-3E1A-49AD-8FB3-D55DA47178E9}.Debug|Any CPU.Build.0 = Debug|Any CPU
		{CCAAE5CD-3E1A-49AD-8FB3-D55DA47178E9}.Release|Any CPU.ActiveCfg = Release|Any CPU
		{CCAAE5CD-3E1A-49AD-8FB3-D55DA47178E9}.Release|Any CPU.Build.0 = Release|Any CPU
	EndGlobalSection
	GlobalSection(SolutionProperties) = preSolution
		HideSolutionNode = FALSE
	EndGlobalSection
	GlobalSection(ExtensibilityGlobals) = postSolution
		SolutionGuid = {5D55BBC2-2AEB-4401-A6FA-3FB5E75F6BD9}
	EndGlobalSection
EndGlobal
